{
  "name": "test-project",
  "version": "1.0.0",
  "lockfileVersion": 3,
  "requires": true,
  "packages": {
    "": {
      "name": "test-project",
      "version": "1.0.0",
      "devDependencies": {
        "@verkstedt/lint": "../../",
        "eslint": "../../node_modules/eslint"
      }
    },
    "../..": {
      "version": "11.0.0-0",
      "dev": true,
      "license": "ISC",
      "dependencies": {
        "@eslint/css": "^0.13.0",
        "@eslint/js": "^9.38.0",
        "@eslint/json": "^0.13.2",
        "@eslint/markdown": "^7.5.0",
        "eslint-plugin-prettier": "^5.5.4",
        "globals": "^16.4.0",
        "prettier": ">=3.6.2"
      },
      "devDependencies": {
        "@eslint/compat": "^1.4.1",
        "@types/eslint": "^9.6.1",
        "@types/node": "^24.9.2",
        "eslint": "^9.38.0",
        "eslint-config-prettier": "^10.1.8",
        "eslint-plugin-react-hooks": "^7.0.1",
        "jiti": "^2.6.1",
        "npm-run-all": "^4.1.5",
        "typescript": "^5.9.3",
        "typescript-eslint": "^8.46.2"
      },
      "peerDependencies": {
        "eslint": ">=9.38.0",
        "eslint-plugin-react-hooks": ">=7.0.1",
        "prettier": ">=3.6.2",
        "typescript": ">=5.9.3",
        "typescript-eslint": ">=8.46.2"
      },
      "peerDependenciesMeta": {
        "eslint": {
          "optional": false
        },
        "eslint-plugin-react-hooks": {
          "note": "Required if you are using React.",
          "optional": true
        },
        "prettier": {
          "note": "We use prettier rules as part of EsLint, but it can also be ran separately.",
          "optional": true
        },
        "typescript-eslint": {
          "note": "Required if you are using TypeScript.",
          "optional": true
        }
      }
    },
    "../../node_modules/eslint": {
      "version": "9.38.0",
      "dev": true,
      "license": "MIT",
      "dependencies": {
        "@eslint-community/eslint-utils": "^4.8.0",
        "@eslint-community/regexpp": "^4.12.1",
        "@eslint/config-array": "^0.21.1",
        "@eslint/config-helpers": "^0.4.1",
        "@eslint/core": "^0.16.0",
        "@eslint/eslintrc": "^3.3.1",
        "@eslint/js": "9.38.0",
        "@eslint/plugin-kit": "^0.4.0",
        "@humanfs/node": "^0.16.6",
        "@humanwhocodes/module-importer": "^1.0.1",
        "@humanwhocodes/retry": "^0.4.2",
        "@types/estree": "^1.0.6",
        "ajv": "^6.12.4",
        "chalk": "^4.0.0",
        "cross-spawn": "^7.0.6",
        "debug": "^4.3.2",
        "escape-string-regexp": "^4.0.0",
        "eslint-scope": "^8.4.0",
        "eslint-visitor-keys": "^4.2.1",
        "espree": "^10.4.0",
        "esquery": "^1.5.0",
        "esutils": "^2.0.2",
        "fast-deep-equal": "^3.1.3",
        "file-entry-cache": "^8.0.0",
        "find-up": "^5.0.0",
        "glob-parent": "^6.0.2",
        "ignore": "^5.2.0",
        "imurmurhash": "^0.1.4",
        "is-glob": "^4.0.0",
        "json-stable-stringify-without-jsonify": "^1.0.1",
        "lodash.merge": "^4.6.2",
        "minimatch": "^3.1.2",
        "natural-compare": "^1.4.0",
        "optionator": "^0.9.3"
      },
      "bin": {
        "eslint": "bin/eslint.js"
      },
      "engines": {
        "node": "^18.18.0 || ^20.9.0 || >=21.1.0"
      },
      "funding": {
        "url": "https://eslint.org/donate"
      },
      "peerDependencies": {
        "jiti": "*"
      },
      "peerDependenciesMeta": {
        "jiti": {
          "optional": true
        }
      }
    },
    "node_modules/@verkstedt/lint": {
      "resolved": "../..",
      "link": true
    },
    "node_modules/eslint": {
      "resolved": "../../node_modules/eslint",
      "link": true
    }
  }
}
